
Microsoft Visual Studio Solution File, Format Version 12.00
# Visual Studio 15
VisualStudioVersion = 15.0.27428.2015
MinimumVisualStudioVersion = 10.0.40219.1
Project("{FAE04EC0-301F-11D3-BF4B-00C04F79EFBC}") = "CQRS", "CQRS\CQRS.csproj", "{91AB2005-0AED-440F-96FB-0972E9D5A172}"
EndProject
Project("{FAE04EC0-301F-11D3-BF4B-00C04F79EFBC}") = "CQRS.Application", "CQRS.Application\CQRS.Application.csproj", "{96E89CA4-9DE8-428A-BF6F-21EF1F36B78D}"
EndProject
Global
	GlobalSection(SolutionConfigurationPlatforms) = preSolution
		Debug|Any CPU = Debug|Any CPU
		Release|Any CPU = Release|Any CPU
	EndGlobalSection
	GlobalSection(ProjectConfigurationPlatforms) = postSolution
		{91AB2005-0AED-440F-96FB-0972E9D5A172}.Debug|Any CPU.ActiveCfg = Debug|Any CPU
		{91AB2005-0AED-440F-96FB-0972E9D5A172}.Debug|Any CPU.Build.0 = Debug|Any CPU
		{91AB2005-0AED-440F-96FB-0972E9D5A172}.Release|Any CPU.ActiveCfg = Release|Any CPU
		{91AB2005-0AED-440F-96FB-0972E9D5A172}.Release|Any CPU.Build.0 = Release|Any CPU
		{96E89CA4-9DE8-428A-BF6F-21EF1F36B78D}.Debug|Any CPU.ActiveCfg = Debug|Any CPU
		{96E89CA4-9DE8-428A-BF6F-21EF1F36B78D}.Debug|Any CPU.Build.0 = Debug|Any CPU
		{96E89CA4-9DE8-428A-BF6F-21EF1F36B78D}.Release|Any CPU.ActiveCfg = Release|Any CPU
		{96E89CA4-9DE8-428A-BF6F-21EF1F36B78D}.Release|Any CPU.Build.0 = Release|Any CPU
	EndGlobalSection
	GlobalSection(SolutionProperties) = preSolution
		HideSolutionNode = FALSE
	EndGlobalSection
	GlobalSection(ExtensibilityGlobals) = postSolution
		SolutionGuid = {E467DAAC-00CF-4386-8ED5-4A3B82FBB2EE}
	EndGlobalSection
EndGlobal
